
Microsoft Visual Studio Solution File, Format Version 12.00
# Visual Studio Version 17
VisualStudioVersion = 17.5.002.0
MinimumVisualStudioVersion = 10.0.40219.1
Project("{9A19103F-16F7-4668-BE54-9A1E7A4F7556}") = "Backend.WebAPI", "Backend.WebAPI\Backend.WebAPI.csproj", "{2077FF9E-D920-46B6-B2FB-72E7FFA5953B}"
EndProject
Project("{FAE04EC0-301F-11D3-BF4B-00C04F79EFBC}") = "Backend.Infrastructure", "Backend.Infrastructure\Backend.Infrastructure.csproj", "{7E537DF5-BA96-4A68-A69E-1C43E3DC03A7}"
EndProject
Project("{FAE04EC0-301F-11D3-BF4B-00C04F79EFBC}") = "Backend.Shared", "Backend.Shared\Backend.Shared.csproj", "{B6825FEF-99D8-4C4F-90B8-5CA34125C9B8}"
EndProject
Global
	GlobalSection(SolutionConfigurationPlatforms) = preSolution
		Debug|Any CPU = Debug|Any CPU
		Release|Any CPU = Release|Any CPU
	EndGlobalSection
	GlobalSection(ProjectConfigurationPlatforms) = postSolution
		{2077FF9E-D920-46B6-B2FB-72E7FFA5953B}.Debug|Any CPU.ActiveCfg = Debug|Any CPU
		{2077FF9E-D920-46B6-B2FB-72E7FFA5953B}.Debug|Any CPU.Build.0 = Debug|Any CPU
		{2077FF9E-D920-46B6-B2FB-72E7FFA5953B}.Release|Any CPU.ActiveCfg = Release|Any CPU
		{2077FF9E-D920-46B6-B2FB-72E7FFA5953B}.Release|Any CPU.Build.0 = Release|Any CPU
		{7E537DF5-BA96-4A68-A69E-1C43E3DC03A7}.Debug|Any CPU.ActiveCfg = Debug|Any CPU
		{7E537DF5-BA96-4A68-A69E-1C43E3DC03A7}.Debug|Any CPU.Build.0 = Debug|Any CPU
		{7E537DF5-BA96-4A68-A69E-1C43E3DC03A7}.Release|Any CPU.ActiveCfg = Release|Any CPU
		{7E537DF5-BA96-4A68-A69E-1C43E3DC03A7}.Release|Any CPU.Build.0 = Release|Any CPU
		{B6825FEF-99D8-4C4F-90B8-5CA34125C9B8}.Debug|Any CPU.ActiveCfg = Debug|Any CPU
		{B6825FEF-99D8-4C4F-90B8-5CA34125C9B8}.Debug|Any CPU.Build.0 = Debug|Any CPU
		{B6825FEF-99D8-4C4F-90B8-5CA34125C9B8}.Release|Any CPU.ActiveCfg = Release|Any CPU
		{B6825FEF-99D8-4C4F-90B8-5CA34125C9B8}.Release|Any CPU.Build.0 = Release|Any CPU
	EndGlobalSection
	GlobalSection(SolutionProperties) = preSolution
		HideSolutionNode = FALSE
	EndGlobalSection
	GlobalSection(ExtensibilityGlobals) = postSolution
		SolutionGuid = {8DCD95D6-66BE-4AFA-A99E-EB42AD734C49}
	EndGlobalSection
EndGlobal
